
Microsoft Visual Studio Solution File, Format Version 12.00
# Visual Studio 15
VisualStudioVersion = 15.0.28010.2003
MinimumVisualStudioVersion = 10.0.40219.1
Project("{8BC9CEB8-8B4A-11D0-8D11-00A0C91BC942}") = "P1346", "P1346\P1346.vcxproj", "{DD0040A3-68F4-41A6-BDA4-0C366CA97DD5}"
EndProject
Project("{8BC9CEB8-8B4A-11D0-8D11-00A0C91BC942}") = "P1144", "P1144\P1144.vcxproj", "{BD61CF7A-5238-4659-87E5-F222247B2C15}"
EndProject
Project("{8BC9CEB8-8B4A-11D0-8D11-00A0C91BC942}") = "P1090", "P1090\P1090.vcxproj", "{A80CF1B4-A717-45F4-9A52-016F75CFCD5D}"
EndProject
Project("{8BC9CEB8-8B4A-11D0-8D11-00A0C91BC942}") = "P1181", "P1181\P1181.vcxproj", "{02DA2F40-55F7-4C18-94DB-F32F51F76CFD}"
EndProject
Project("{8BC9CEB8-8B4A-11D0-8D11-00A0C91BC942}") = "P1208", "P1208\P1208.vcxproj", "{603DD285-D714-4308-BCCA-A1729CF8F285}"
EndProject
Project("{8BC9CEB8-8B4A-11D0-8D11-00A0C91BC942}") = "P1223", "P1223\P1223.vcxproj", "{A3C25AD2-ABCD-4394-A4C9-2218C52283C4}"
EndProject
Project("{8BC9CEB8-8B4A-11D0-8D11-00A0C91BC942}") = "P1094", "P1094\P1094.vcxproj", "{4DE7DB63-D98C-4917-B80D-47799C3E41D7}"
EndProject
Project("{8BC9CEB8-8B4A-11D0-8D11-00A0C91BC942}") = "P1803", "P1803\P1803.vcxproj", "{BD0885BE-3B8A-43D7-929A-98AE3BFEE8DD}"
EndProject
Project("{8BC9CEB8-8B4A-11D0-8D11-00A0C91BC942}") = "P1031", "P1031\P1031.vcxproj", "{EDF52375-D769-4D6F-9E00-6570C3F3B562}"
EndProject
Project("{8BC9CEB8-8B4A-11D0-8D11-00A0C91BC942}") = "P1080", "P1080\P1080.vcxproj", "{98300E4E-41B7-4AF0-AC26-9D4E43996B4A}"
EndProject
Project("{8BC9CEB8-8B4A-11D0-8D11-00A0C91BC942}") = "P1601", "P1601\P1601.vcxproj", "{0D0B4F39-935B-4126-AE9F-BDA899F59C35}"
EndProject
Project("{8BC9CEB8-8B4A-11D0-8D11-00A0C91BC942}") = "P2142", "P2142\P2142.vcxproj", "{3838F49E-9ECE-4371-A213-5BDEB9BD879B}"
EndProject
Project("{8BC9CEB8-8B4A-11D0-8D11-00A0C91BC942}") = "P1303", "P1303\P1303.vcxproj", "{138F9F6B-4508-4785-8142-315EED3F6954}"
EndProject
Project("{8BC9CEB8-8B4A-11D0-8D11-00A0C91BC942}") = "P1255", "P1255\P1255.vcxproj", "{4A5B3CE1-4165-4DE6-B98E-B578118184F4}"
EndProject
Project("{8BC9CEB8-8B4A-11D0-8D11-00A0C91BC942}") = "P1604", "P1604\P1604.vcxproj", "{3AB69D55-6AB3-4D28-B342-51813CC807A2}"
EndProject
Project("{8BC9CEB8-8B4A-11D0-8D11-00A0C91BC942}") = "P1060", "P1060\P1060.vcxproj", "{61542287-C738-49D3-9464-9AE72AAA48DB}"
EndProject
Project("{8BC9CEB8-8B4A-11D0-8D11-00A0C91BC942}") = "P1164", "P1164\P1164.vcxproj", "{D8A1971E-A466-412A-91DD-C81CFC6D6CAB}"
EndProject
Project("{8BC9CEB8-8B4A-11D0-8D11-00A0C91BC942}") = "P1064", "P1064\P1064.vcxproj", "{49D6BF94-587F-475E-868D-50269A5A3449}"
EndProject
Project("{8BC9CEB8-8B4A-11D0-8D11-00A0C91BC942}") = "P1048", "P1048\P1048.vcxproj", "{CDB3C957-63E0-41E2-B5BA-4F38F93FE4CD}"
EndProject
Project("{8BC9CEB8-8B4A-11D0-8D11-00A0C91BC942}") = "P1049", "P1049\P1049.vcxproj", "{89FAAD6E-89FD-4E6F-9693-C0F795CF93B1}"
EndProject
Project("{8BC9CEB8-8B4A-11D0-8D11-00A0C91BC942}") = "P1616", "P1616\P1616.vcxproj", "{B84455A5-4C78-4013-A6B0-ED70017AD1F9}"
EndProject
Project("{8BC9CEB8-8B4A-11D0-8D11-00A0C91BC942}") = "P1177", "P1177\P1177.vcxproj", "{4374F816-BA69-420C-9183-08DBA3EA9981}"
EndProject
Project("{8BC9CEB8-8B4A-11D0-8D11-00A0C91BC942}") = "P3366", "P3366\P3366.vcxproj", "{8BAE32B4-67A2-40EA-8431-00E5275FBE5F}"
EndProject
Project("{8BC9CEB8-8B4A-11D0-8D11-00A0C91BC942}") = "P3367", "P3367\P3367.vcxproj", "{56687050-4469-4CF4-93E8-F9519B28CCEB}"
EndProject
Project("{8BC9CEB8-8B4A-11D0-8D11-00A0C91BC942}") = "P3371", "P3371\P3371.vcxproj", "{38259C86-5EC6-43C5-B20F-07C14D6637CE}"
EndProject
Project("{8BC9CEB8-8B4A-11D0-8D11-00A0C91BC942}") = "P4779", "P4779\P4779.vcxproj", "{DF09935D-29F6-4D03-8473-8E74F4A393E6}"
EndProject
Project("{8BC9CEB8-8B4A-11D0-8D11-00A0C91BC942}") = "P3383", "P3383\P3383.vcxproj", "{761E8444-C895-4418-AEF5-E3332DA8F4B8}"
EndProject
Project("{8BC9CEB8-8B4A-11D0-8D11-00A0C91BC942}") = "P1233", "P1233\P1233.vcxproj", "{A1C14A2F-8FCC-42DA-934A-86887EDFE401}"
EndProject
Project("{8BC9CEB8-8B4A-11D0-8D11-00A0C91BC942}") = "P1219", "P1219\P1219.vcxproj", "{A240858C-6C56-416C-9C58-E97D889E3F8A}"
EndProject
Project("{8BC9CEB8-8B4A-11D0-8D11-00A0C91BC942}") = "P1019", "P1019\P1019.vcxproj", "{FEB06F49-DE75-4777-BE44-F9E904775FEC}"
EndProject
Global
	GlobalSection(SolutionConfigurationPlatforms) = preSolution
		Debug|x64 = Debug|x64
		Debug|x86 = Debug|x86
		Release|x64 = Release|x64
		Release|x86 = Release|x86
	EndGlobalSection
	GlobalSection(ProjectConfigurationPlatforms) = postSolution
		{DD0040A3-68F4-41A6-BDA4-0C366CA97DD5}.Debug|x64.ActiveCfg = Debug|x64
		{DD0040A3-68F4-41A6-BDA4-0C366CA97DD5}.Debug|x64.Build.0 = Debug|x64
		{DD0040A3-68F4-41A6-BDA4-0C366CA97DD5}.Debug|x86.ActiveCfg = Debug|Win32
		{DD0040A3-68F4-41A6-BDA4-0C366CA97DD5}.Debug|x86.Build.0 = Debug|Win32
		{DD0040A3-68F4-41A6-BDA4-0C366CA97DD5}.Release|x64.ActiveCfg = Release|x64
		{DD0040A3-68F4-41A6-BDA4-0C366CA97DD5}.Release|x64.Build.0 = Release|x64
		{DD0040A3-68F4-41A6-BDA4-0C366CA97DD5}.Release|x86.ActiveCfg = Release|Win32
		{DD0040A3-68F4-41A6-BDA4-0C366CA97DD5}.Release|x86.Build.0 = Release|Win32
		{BD61CF7A-5238-4659-87E5-F222247B2C15}.Debug|x64.ActiveCfg = Debug|x64
		{BD61CF7A-5238-4659-87E5-F222247B2C15}.Debug|x64.Build.0 = Debug|x64
		{BD61CF7A-5238-4659-87E5-F222247B2C15}.Debug|x86.ActiveCfg = Debug|Win32
		{BD61CF7A-5238-4659-87E5-F222247B2C15}.Debug|x86.Build.0 = Debug|Win32
		{BD61CF7A-5238-4659-87E5-F222247B2C15}.Release|x64.ActiveCfg = Release|x64
		{BD61CF7A-5238-4659-87E5-F222247B2C15}.Release|x64.Build.0 = Release|x64
		{BD61CF7A-5238-4659-87E5-F222247B2C15}.Release|x86.ActiveCfg = Release|Win32
		{BD61CF7A-5238-4659-87E5-F222247B2C15}.Release|x86.Build.0 = Release|Win32
		{A80CF1B4-A717-45F4-9A52-016F75CFCD5D}.Debug|x64.ActiveCfg = Debug|x64
		{A80CF1B4-A717-45F4-9A52-016F75CFCD5D}.Debug|x64.Build.0 = Debug|x64
		{A80CF1B4-A717-45F4-9A52-016F75CFCD5D}.Debug|x86.ActiveCfg = Debug|Win32
		{A80CF1B4-A717-45F4-9A52-016F75CFCD5D}.Debug|x86.Build.0 = Debug|Win32
		{A80CF1B4-A717-45F4-9A52-016F75CFCD5D}.Release|x64.ActiveCfg = Release|x64
		{A80CF1B4-A717-45F4-9A52-016F75CFCD5D}.Release|x64.Build.0 = Release|x64
		{A80CF1B4-A717-45F4-9A52-016F75CFCD5D}.Release|x86.ActiveCfg = Release|Win32
		{A80CF1B4-A717-45F4-9A52-016F75CFCD5D}.Release|x86.Build.0 = Release|Win32
		{02DA2F40-55F7-4C18-94DB-F32F51F76CFD}.Debug|x64.ActiveCfg = Debug|x64
		{02DA2F40-55F7-4C18-94DB-F32F51F76CFD}.Debug|x64.Build.0 = Debug|x64
		{02DA2F40-55F7-4C18-94DB-F32F51F76CFD}.Debug|x86.ActiveCfg = Debug|Win32
		{02DA2F40-55F7-4C18-94DB-F32F51F76CFD}.Debug|x86.Build.0 = Debug|Win32
		{02DA2F40-55F7-4C18-94DB-F32F51F76CFD}.Release|x64.ActiveCfg = Release|x64
		{02DA2F40-55F7-4C18-94DB-F32F51F76CFD}.Release|x64.Build.0 = Release|x64
		{02DA2F40-55F7-4C18-94DB-F32F51F76CFD}.Release|x86.ActiveCfg = Release|Win32
		{02DA2F40-55F7-4C18-94DB-F32F51F76CFD}.Release|x86.Build.0 = Release|Win32
		{603DD285-D714-4308-BCCA-A1729CF8F285}.Debug|x64.ActiveCfg = Debug|x64
		{603DD285-D714-4308-BCCA-A1729CF8F285}.Debug|x64.Build.0 = Debug|x64
		{603DD285-D714-4308-BCCA-A1729CF8F285}.Debug|x86.ActiveCfg = Debug|Win32
		{603DD285-D714-4308-BCCA-A1729CF8F285}.Debug|x86.Build.0 = Debug|Win32
		{603DD285-D714-4308-BCCA-A1729CF8F285}.Release|x64.ActiveCfg = Release|x64
		{603DD285-D714-4308-BCCA-A1729CF8F285}.Release|x64.Build.0 = Release|x64
		{603DD285-D714-4308-BCCA-A1729CF8F285}.Release|x86.ActiveCfg = Release|Win32
		{603DD285-D714-4308-BCCA-A1729CF8F285}.Release|x86.Build.0 = Release|Win32
		{A3C25AD2-ABCD-4394-A4C9-2218C52283C4}.Debug|x64.ActiveCfg = Debug|x64
		{A3C25AD2-ABCD-4394-A4C9-2218C52283C4}.Debug|x64.Build.0 = Debug|x64
		{A3C25AD2-ABCD-4394-A4C9-2218C52283C4}.Debug|x86.ActiveCfg = Debug|Win32
		{A3C25AD2-ABCD-4394-A4C9-2218C52283C4}.Debug|x86.Build.0 = Debug|Win32
		{A3C25AD2-ABCD-4394-A4C9-2218C52283C4}.Release|x64.ActiveCfg = Release|x64
		{A3C25AD2-ABCD-4394-A4C9-2218C52283C4}.Release|x64.Build.0 = Release|x64
		{A3C25AD2-ABCD-4394-A4C9-2218C52283C4}.Release|x86.ActiveCfg = Release|Win32
		{A3C25AD2-ABCD-4394-A4C9-2218C52283C4}.Release|x86.Build.0 = Release|Win32
		{4DE7DB63-D98C-4917-B80D-47799C3E41D7}.Debug|x64.ActiveCfg = Debug|x64
		{4DE7DB63-D98C-4917-B80D-47799C3E41D7}.Debug|x64.Build.0 = Debug|x64
		{4DE7DB63-D98C-4917-B80D-47799C3E41D7}.Debug|x86.ActiveCfg = Debug|Win32
		{4DE7DB63-D98C-4917-B80D-47799C3E41D7}.Debug|x86.Build.0 = Debug|Win32
		{4DE7DB63-D98C-4917-B80D-47799C3E41D7}.Release|x64.ActiveCfg = Release|x64
		{4DE7DB63-D98C-4917-B80D-47799C3E41D7}.Release|x64.Build.0 = Release|x64
		{4DE7DB63-D98C-4917-B80D-47799C3E41D7}.Release|x86.ActiveCfg = Release|Win32
		{4DE7DB63-D98C-4917-B80D-47799C3E41D7}.Release|x86.Build.0 = Release|Win32
		{BD0885BE-3B8A-43D7-929A-98AE3BFEE8DD}.Debug|x64.ActiveCfg = Debug|x64
		{BD0885BE-3B8A-43D7-929A-98AE3BFEE8DD}.Debug|x64.Build.0 = Debug|x64
		{BD0885BE-3B8A-43D7-929A-98AE3BFEE8DD}.Debug|x86.ActiveCfg = Debug|Win32
		{BD0885BE-3B8A-43D7-929A-98AE3BFEE8DD}.Debug|x86.Build.0 = Debug|Win32
		{BD0885BE-3B8A-43D7-929A-98AE3BFEE8DD}.Release|x64.ActiveCfg = Release|x64
		{BD0885BE-3B8A-43D7-929A-98AE3BFEE8DD}.Release|x64.Build.0 = Release|x64
		{BD0885BE-3B8A-43D7-929A-98AE3BFEE8DD}.Release|x86.ActiveCfg = Release|Win32
		{BD0885BE-3B8A-43D7-929A-98AE3BFEE8DD}.Release|x86.Build.0 = Release|Win32
		{EDF52375-D769-4D6F-9E00-6570C3F3B562}.Debug|x64.ActiveCfg = Debug|x64
		{EDF52375-D769-4D6F-9E00-6570C3F3B562}.Debug|x64.Build.0 = Debug|x64
		{EDF52375-D769-4D6F-9E00-6570C3F3B562}.Debug|x86.ActiveCfg = Debug|Win32
		{EDF52375-D769-4D6F-9E00-6570C3F3B562}.Debug|x86.Build.0 = Debug|Win32
		{EDF52375-D769-4D6F-9E00-6570C3F3B562}.Release|x64.ActiveCfg = Release|x64
		{EDF52375-D769-4D6F-9E00-6570C3F3B562}.Release|x64.Build.0 = Release|x64
		{EDF52375-D769-4D6F-9E00-6570C3F3B562}.Release|x86.ActiveCfg = Release|Win32
		{EDF52375-D769-4D6F-9E00-6570C3F3B562}.Release|x86.Build.0 = Release|Win32
		{98300E4E-41B7-4AF0-AC26-9D4E43996B4A}.Debug|x64.ActiveCfg = Debug|x64
		{98300E4E-41B7-4AF0-AC26-9D4E43996B4A}.Debug|x64.Build.0 = Debug|x64
		{98300E4E-41B7-4AF0-AC26-9D4E43996B4A}.Debug|x86.ActiveCfg = Debug|Win32
		{98300E4E-41B7-4AF0-AC26-9D4E43996B4A}.Debug|x86.Build.0 = Debug|Win32
		{98300E4E-41B7-4AF0-AC26-9D4E43996B4A}.Release|x64.ActiveCfg = Release|x64
		{98300E4E-41B7-4AF0-AC26-9D4E43996B4A}.Release|x64.Build.0 = Release|x64
		{98300E4E-41B7-4AF0-AC26-9D4E43996B4A}.Release|x86.ActiveCfg = Release|Win32
		{98300E4E-41B7-4AF0-AC26-9D4E43996B4A}.Release|x86.Build.0 = Release|Win32
		{0D0B4F39-935B-4126-AE9F-BDA899F59C35}.Debug|x64.ActiveCfg = Debug|x64
		{0D0B4F39-935B-4126-AE9F-BDA899F59C35}.Debug|x64.Build.0 = Debug|x64
		{0D0B4F39-935B-4126-AE9F-BDA899F59C35}.Debug|x86.ActiveCfg = Debug|Win32
		{0D0B4F39-935B-4126-AE9F-BDA899F59C35}.Debug|x86.Build.0 = Debug|Win32
		{0D0B4F39-935B-4126-AE9F-BDA899F59C35}.Release|x64.ActiveCfg = Release|x64
		{0D0B4F39-935B-4126-AE9F-BDA899F59C35}.Release|x64.Build.0 = Release|x64
		{0D0B4F39-935B-4126-AE9F-BDA899F59C35}.Release|x86.ActiveCfg = Release|Win32
		{0D0B4F39-935B-4126-AE9F-BDA899F59C35}.Release|x86.Build.0 = Release|Win32
		{3838F49E-9ECE-4371-A213-5BDEB9BD879B}.Debug|x64.ActiveCfg = Debug|x64
		{3838F49E-9ECE-4371-A213-5BDEB9BD879B}.Debug|x64.Build.0 = Debug|x64
		{3838F49E-9ECE-4371-A213-5BDEB9BD879B}.Debug|x86.ActiveCfg = Debug|Win32
		{3838F49E-9ECE-4371-A213-5BDEB9BD879B}.Debug|x86.Build.0 = Debug|Win32
		{3838F49E-9ECE-4371-A213-5BDEB9BD879B}.Release|x64.ActiveCfg = Release|x64
		{3838F49E-9ECE-4371-A213-5BDEB9BD879B}.Release|x64.Build.0 = Release|x64
		{3838F49E-9ECE-4371-A213-5BDEB9BD879B}.Release|x86.ActiveCfg = Release|Win32
		{3838F49E-9ECE-4371-A213-5BDEB9BD879B}.Release|x86.Build.0 = Release|Win32
		{138F9F6B-4508-4785-8142-315EED3F6954}.Debug|x64.ActiveCfg = Debug|x64
		{138F9F6B-4508-4785-8142-315EED3F6954}.Debug|x64.Build.0 = Debug|x64
		{138F9F6B-4508-4785-8142-315EED3F6954}.Debug|x86.ActiveCfg = Debug|Win32
		{138F9F6B-4508-4785-8142-315EED3F6954}.Debug|x86.Build.0 = Debug|Win32
		{138F9F6B-4508-4785-8142-315EED3F6954}.Release|x64.ActiveCfg = Release|x64
		{138F9F6B-4508-4785-8142-315EED3F6954}.Release|x64.Build.0 = Release|x64
		{138F9F6B-4508-4785-8142-315EED3F6954}.Release|x86.ActiveCfg = Release|Win32
		{138F9F6B-4508-4785-8142-315EED3F6954}.Release|x86.Build.0 = Release|Win32
		{4A5B3CE1-4165-4DE6-B98E-B578118184F4}.Debug|x64.ActiveCfg = Debug|x64
		{4A5B3CE1-4165-4DE6-B98E-B578118184F4}.Debug|x64.Build.0 = Debug|x64
		{4A5B3CE1-4165-4DE6-B98E-B578118184F4}.Debug|x86.ActiveCfg = Debug|Win32
		{4A5B3CE1-4165-4DE6-B98E-B578118184F4}.Debug|x86.Build.0 = Debug|Win32
		{4A5B3CE1-4165-4DE6-B98E-B578118184F4}.Release|x64.ActiveCfg = Release|x64
		{4A5B3CE1-4165-4DE6-B98E-B578118184F4}.Release|x64.Build.0 = Release|x64
		{4A5B3CE1-4165-4DE6-B98E-B578118184F4}.Release|x86.ActiveCfg = Release|Win32
		{4A5B3CE1-4165-4DE6-B98E-B578118184F4}.Release|x86.Build.0 = Release|Win32
		{3AB69D55-6AB3-4D28-B342-51813CC807A2}.Debug|x64.ActiveCfg = Debug|x64
		{3AB69D55-6AB3-4D28-B342-51813CC807A2}.Debug|x64.Build.0 = Debug|x64
		{3AB69D55-6AB3-4D28-B342-51813CC807A2}.Debug|x86.ActiveCfg = Debug|Win32
		{3AB69D55-6AB3-4D28-B342-51813CC807A2}.Debug|x86.Build.0 = Debug|Win32
		{3AB69D55-6AB3-4D28-B342-51813CC807A2}.Release|x64.ActiveCfg = Release|x64
		{3AB69D55-6AB3-4D28-B342-51813CC807A2}.Release|x64.Build.0 = Release|x64
		{3AB69D55-6AB3-4D28-B342-51813CC807A2}.Release|x86.ActiveCfg = Release|Win32
		{3AB69D55-6AB3-4D28-B342-51813CC807A2}.Release|x86.Build.0 = Release|Win32
		{61542287-C738-49D3-9464-9AE72AAA48DB}.Debug|x64.ActiveCfg = Debug|x64
		{61542287-C738-49D3-9464-9AE72AAA48DB}.Debug|x64.Build.0 = Debug|x64
		{61542287-C738-49D3-9464-9AE72AAA48DB}.Debug|x86.ActiveCfg = Debug|Win32
		{61542287-C738-49D3-9464-9AE72AAA48DB}.Debug|x86.Build.0 = Debug|Win32
		{61542287-C738-49D3-9464-9AE72AAA48DB}.Release|x64.ActiveCfg = Release|x64
		{61542287-C738-49D3-9464-9AE72AAA48DB}.Release|x64.Build.0 = Release|x64
		{61542287-C738-49D3-9464-9AE72AAA48DB}.Release|x86.ActiveCfg = Release|Win32
		{61542287-C738-49D3-9464-9AE72AAA48DB}.Release|x86.Build.0 = Release|Win32
		{D8A1971E-A466-412A-91DD-C81CFC6D6CAB}.Debug|x64.ActiveCfg = Debug|x64
		{D8A1971E-A466-412A-91DD-C81CFC6D6CAB}.Debug|x64.Build.0 = Debug|x64
		{D8A1971E-A466-412A-91DD-C81CFC6D6CAB}.Debug|x86.ActiveCfg = Debug|Win32
		{D8A1971E-A466-412A-91DD-C81CFC6D6CAB}.Debug|x86.Build.0 = Debug|Win32
		{D8A1971E-A466-412A-91DD-C81CFC6D6CAB}.Release|x64.ActiveCfg = Release|x64
		{D8A1971E-A466-412A-91DD-C81CFC6D6CAB}.Release|x64.Build.0 = Release|x64
		{D8A1971E-A466-412A-91DD-C81CFC6D6CAB}.Release|x86.ActiveCfg = Release|Win32
		{D8A1971E-A466-412A-91DD-C81CFC6D6CAB}.Release|x86.Build.0 = Release|Win32
		{49D6BF94-587F-475E-868D-50269A5A3449}.Debug|x64.ActiveCfg = Debug|x64
		{49D6BF94-587F-475E-868D-50269A5A3449}.Debug|x64.Build.0 = Debug|x64
		{49D6BF94-587F-475E-868D-50269A5A3449}.Debug|x86.ActiveCfg = Debug|Win32
		{49D6BF94-587F-475E-868D-50269A5A3449}.Debug|x86.Build.0 = Debug|Win32
		{49D6BF94-587F-475E-868D-50269A5A3449}.Release|x64.ActiveCfg = Release|x64
		{49D6BF94-587F-475E-868D-50269A5A3449}.Release|x64.Build.0 = Release|x64
		{49D6BF94-587F-475E-868D-50269A5A3449}.Release|x86.ActiveCfg = Release|Win32
		{49D6BF94-587F-475E-868D-50269A5A3449}.Release|x86.Build.0 = Release|Win32
		{CDB3C957-63E0-41E2-B5BA-4F38F93FE4CD}.Debug|x64.ActiveCfg = Debug|x64
		{CDB3C957-63E0-41E2-B5BA-4F38F93FE4CD}.Debug|x64.Build.0 = Debug|x64
		{CDB3C957-63E0-41E2-B5BA-4F38F93FE4CD}.Debug|x86.ActiveCfg = Debug|Win32
		{CDB3C957-63E0-41E2-B5BA-4F38F93FE4CD}.Debug|x86.Build.0 = Debug|Win32
		{CDB3C957-63E0-41E2-B5BA-4F38F93FE4CD}.Release|x64.ActiveCfg = Release|x64
		{CDB3C957-63E0-41E2-B5BA-4F38F93FE4CD}.Release|x64.Build.0 = Release|x64
		{CDB3C957-63E0-41E2-B5BA-4F38F93FE4CD}.Release|x86.ActiveCfg = Release|Win32
		{CDB3C957-63E0-41E2-B5BA-4F38F93FE4CD}.Release|x86.Build.0 = Release|Win32
		{89FAAD6E-89FD-4E6F-9693-C0F795CF93B1}.Debug|x64.ActiveCfg = Debug|x64
		{89FAAD6E-89FD-4E6F-9693-C0F795CF93B1}.Debug|x64.Build.0 = Debug|x64
		{89FAAD6E-89FD-4E6F-9693-C0F795CF93B1}.Debug|x86.ActiveCfg = Debug|Win32
		{89FAAD6E-89FD-4E6F-9693-C0F795CF93B1}.Debug|x86.Build.0 = Debug|Win32
		{89FAAD6E-89FD-4E6F-9693-C0F795CF93B1}.Release|x64.ActiveCfg = Release|x64
		{89FAAD6E-89FD-4E6F-9693-C0F795CF93B1}.Release|x64.Build.0 = Release|x64
		{89FAAD6E-89FD-4E6F-9693-C0F795CF93B1}.Release|x86.ActiveCfg = Release|Win32
		{89FAAD6E-89FD-4E6F-9693-C0F795CF93B1}.Release|x86.Build.0 = Release|Win32
		{B84455A5-4C78-4013-A6B0-ED70017AD1F9}.Debug|x64.ActiveCfg = Debug|x64
		{B84455A5-4C78-4013-A6B0-ED70017AD1F9}.Debug|x64.Build.0 = Debug|x64
		{B84455A5-4C78-4013-A6B0-ED70017AD1F9}.Debug|x86.ActiveCfg = Debug|Win32
		{B84455A5-4C78-4013-A6B0-ED70017AD1F9}.Debug|x86.Build.0 = Debug|Win32
		{B84455A5-4C78-4013-A6B0-ED70017AD1F9}.Release|x64.ActiveCfg = Release|x64
		{B84455A5-4C78-4013-A6B0-ED70017AD1F9}.Release|x64.Build.0 = Release|x64
		{B84455A5-4C78-4013-A6B0-ED70017AD1F9}.Release|x86.ActiveCfg = Release|Win32
		{B84455A5-4C78-4013-A6B0-ED70017AD1F9}.Release|x86.Build.0 = Release|Win32
		{4374F816-BA69-420C-9183-08DBA3EA9981}.Debug|x64.ActiveCfg = Debug|x64
		{4374F816-BA69-420C-9183-08DBA3EA9981}.Debug|x64.Build.0 = Debug|x64
		{4374F816-BA69-420C-9183-08DBA3EA9981}.Debug|x86.ActiveCfg = Debug|Win32
		{4374F816-BA69-420C-9183-08DBA3EA9981}.Debug|x86.Build.0 = Debug|Win32
		{4374F816-BA69-420C-9183-08DBA3EA9981}.Release|x64.ActiveCfg = Release|x64
		{4374F816-BA69-420C-9183-08DBA3EA9981}.Release|x64.Build.0 = Release|x64
		{4374F816-BA69-420C-9183-08DBA3EA9981}.Release|x86.ActiveCfg = Release|Win32
		{4374F816-BA69-420C-9183-08DBA3EA9981}.Release|x86.Build.0 = Release|Win32
		{8BAE32B4-67A2-40EA-8431-00E5275FBE5F}.Debug|x64.ActiveCfg = Debug|x64
		{8BAE32B4-67A2-40EA-8431-00E5275FBE5F}.Debug|x64.Build.0 = Debug|x64
		{8BAE32B4-67A2-40EA-8431-00E5275FBE5F}.Debug|x86.ActiveCfg = Debug|Win32
		{8BAE32B4-67A2-40EA-8431-00E5275FBE5F}.Debug|x86.Build.0 = Debug|Win32
		{8BAE32B4-67A2-40EA-8431-00E5275FBE5F}.Release|x64.ActiveCfg = Release|x64
		{8BAE32B4-67A2-40EA-8431-00E5275FBE5F}.Release|x64.Build.0 = Release|x64
		{8BAE32B4-67A2-40EA-8431-00E5275FBE5F}.Release|x86.ActiveCfg = Release|Win32
		{8BAE32B4-67A2-40EA-8431-00E5275FBE5F}.Release|x86.Build.0 = Release|Win32
		{56687050-4469-4CF4-93E8-F9519B28CCEB}.Debug|x64.ActiveCfg = Debug|x64
		{56687050-4469-4CF4-93E8-F9519B28CCEB}.Debug|x64.Build.0 = Debug|x64
		{56687050-4469-4CF4-93E8-F9519B28CCEB}.Debug|x86.ActiveCfg = Debug|Win32
		{56687050-4469-4CF4-93E8-F9519B28CCEB}.Debug|x86.Build.0 = Debug|Win32
		{56687050-4469-4CF4-93E8-F9519B28CCEB}.Release|x64.ActiveCfg = Release|x64
		{56687050-4469-4CF4-93E8-F9519B28CCEB}.Release|x64.Build.0 = Release|x64
		{56687050-4469-4CF4-93E8-F9519B28CCEB}.Release|x86.ActiveCfg = Release|Win32
		{56687050-4469-4CF4-93E8-F9519B28CCEB}.Release|x86.Build.0 = Release|Win32
		{38259C86-5EC6-43C5-B20F-07C14D6637CE}.Debug|x64.ActiveCfg = Debug|x64
		{38259C86-5EC6-43C5-B20F-07C14D6637CE}.Debug|x64.Build.0 = Debug|x64
		{38259C86-5EC6-43C5-B20F-07C14D6637CE}.Debug|x86.ActiveCfg = Debug|Win32
		{38259C86-5EC6-43C5-B20F-07C14D6637CE}.Debug|x86.Build.0 = Debug|Win32
		{38259C86-5EC6-43C5-B20F-07C14D6637CE}.Release|x64.ActiveCfg = Release|x64
		{38259C86-5EC6-43C5-B20F-07C14D6637CE}.Release|x64.Build.0 = Release|x64
		{38259C86-5EC6-43C5-B20F-07C14D6637CE}.Release|x86.ActiveCfg = Release|Win32
		{38259C86-5EC6-43C5-B20F-07C14D6637CE}.Release|x86.Build.0 = Release|Win32
		{DF09935D-29F6-4D03-8473-8E74F4A393E6}.Debug|x64.ActiveCfg = Debug|x64
		{DF09935D-29F6-4D03-8473-8E74F4A393E6}.Debug|x64.Build.0 = Debug|x64
		{DF09935D-29F6-4D03-8473-8E74F4A393E6}.Debug|x86.ActiveCfg = Debug|Win32
		{DF09935D-29F6-4D03-8473-8E74F4A393E6}.Debug|x86.Build.0 = Debug|Win32
		{DF09935D-29F6-4D03-8473-8E74F4A393E6}.Release|x64.ActiveCfg = Release|x64
		{DF09935D-29F6-4D03-8473-8E74F4A393E6}.Release|x64.Build.0 = Release|x64
		{DF09935D-29F6-4D03-8473-8E74F4A393E6}.Release|x86.ActiveCfg = Release|Win32
		{DF09935D-29F6-4D03-8473-8E74F4A393E6}.Release|x86.Build.0 = Release|Win32
		{761E8444-C895-4418-AEF5-E3332DA8F4B8}.Debug|x64.ActiveCfg = Debug|x64
		{761E8444-C895-4418-AEF5-E3332DA8F4B8}.Debug|x64.Build.0 = Debug|x64
		{761E8444-C895-4418-AEF5-E3332DA8F4B8}.Debug|x86.ActiveCfg = Debug|Win32
		{761E8444-C895-4418-AEF5-E3332DA8F4B8}.Debug|x86.Build.0 = Debug|Win32
		{761E8444-C895-4418-AEF5-E3332DA8F4B8}.Release|x64.ActiveCfg = Release|x64
		{761E8444-C895-4418-AEF5-E3332DA8F4B8}.Release|x64.Build.0 = Release|x64
		{761E8444-C895-4418-AEF5-E3332DA8F4B8}.Release|x86.ActiveCfg = Release|Win32
		{761E8444-C895-4418-AEF5-E3332DA8F4B8}.Release|x86.Build.0 = Release|Win32
		{A1C14A2F-8FCC-42DA-934A-86887EDFE401}.Debug|x64.ActiveCfg = Debug|x64
		{A1C14A2F-8FCC-42DA-934A-86887EDFE401}.Debug|x64.Build.0 = Debug|x64
		{A1C14A2F-8FCC-42DA-934A-86887EDFE401}.Debug|x86.ActiveCfg = Debug|Win32
		{A1C14A2F-8FCC-42DA-934A-86887EDFE401}.Debug|x86.Build.0 = Debug|Win32
		{A1C14A2F-8FCC-42DA-934A-86887EDFE401}.Release|x64.ActiveCfg = Release|x64
		{A1C14A2F-8FCC-42DA-934A-86887EDFE401}.Release|x64.Build.0 = Release|x64
		{A1C14A2F-8FCC-42DA-934A-86887EDFE401}.Release|x86.ActiveCfg = Release|Win32
		{A1C14A2F-8FCC-42DA-934A-86887EDFE401}.Release|x86.Build.0 = Release|Win32
		{A240858C-6C56-416C-9C58-E97D889E3F8A}.Debug|x64.ActiveCfg = Debug|x64
		{A240858C-6C56-416C-9C58-E97D889E3F8A}.Debug|x64.Build.0 = Debug|x64
		{A240858C-6C56-416C-9C58-E97D889E3F8A}.Debug|x86.ActiveCfg = Debug|Win32
		{A240858C-6C56-416C-9C58-E97D889E3F8A}.Debug|x86.Build.0 = Debug|Win32
		{A240858C-6C56-416C-9C58-E97D889E3F8A}.Release|x64.ActiveCfg = Release|x64
		{A240858C-6C56-416C-9C58-E97D889E3F8A}.Release|x64.Build.0 = Release|x64
		{A240858C-6C56-416C-9C58-E97D889E3F8A}.Release|x86.ActiveCfg = Release|Win32
		{A240858C-6C56-416C-9C58-E97D889E3F8A}.Release|x86.Build.0 = Release|Win32
		{FEB06F49-DE75-4777-BE44-F9E904775FEC}.Debug|x64.ActiveCfg = Debug|x64
		{FEB06F49-DE75-4777-BE44-F9E904775FEC}.Debug|x64.Build.0 = Debug|x64
		{FEB06F49-DE75-4777-BE44-F9E904775FEC}.Debug|x86.ActiveCfg = Debug|Win32
		{FEB06F49-DE75-4777-BE44-F9E904775FEC}.Debug|x86.Build.0 = Debug|Win32
		{FEB06F49-DE75-4777-BE44-F9E904775FEC}.Release|x64.ActiveCfg = Release|x64
		{FEB06F49-DE75-4777-BE44-F9E904775FEC}.Release|x64.Build.0 = Release|x64
		{FEB06F49-DE75-4777-BE44-F9E904775FEC}.Release|x86.ActiveCfg = Release|Win32
		{FEB06F49-DE75-4777-BE44-F9E904775FEC}.Release|x86.Build.0 = Release|Win32
	EndGlobalSection
	GlobalSection(SolutionProperties) = preSolution
		HideSolutionNode = FALSE
	EndGlobalSection
	GlobalSection(ExtensibilityGlobals) = postSolution
		SolutionGuid = {72C9E7A0-15B2-4C75-9C66-E2D29DA287C7}
	EndGlobalSection
EndGlobal
